
Microsoft Visual Studio Solution File, Format Version 11.00
# Visual Studio 2010
Project("{FAE04EC0-301F-11D3-BF4B-00C04F79EFBC}") = "useWebService", "useWebService\useWebService.csproj", "{4FE4F451-12A2-4C70-9A06-018823BA571E}"
EndProject
Global
	GlobalSection(SolutionConfigurationPlatforms) = preSolution
		Debug|Any CPU = Debug|Any CPU
		Release|Any CPU = Release|Any CPU
	EndGlobalSection
	GlobalSection(ProjectConfigurationPlatforms) = postSolution
		{4FE4F451-12A2-4C70-9A06-018823BA571E}.Debug|Any CPU.ActiveCfg = Debug|Any CPU
		{4FE4F451-12A2-4C70-9A06-018823BA571E}.Debug|Any CPU.Build.0 = Debug|Any CPU
		{4FE4F451-12A2-4C70-9A06-018823BA571E}.Release|Any CPU.ActiveCfg = Release|Any CPU
		{4FE4F451-12A2-4C70-9A06-018823BA571E}.Release|Any CPU.Build.0 = Release|Any CPU
	EndGlobalSection
	GlobalSection(SolutionProperties) = preSolution
		HideSolutionNode = FALSE
	EndGlobalSection
EndGlobal
